
Microsoft Visual Studio Solution File, Format Version 12.00
# Visual Studio Version 16
VisualStudioVersion = 16.0.30711.63
MinimumVisualStudioVersion = 10.0.40219.1
Project("{9A19103F-16F7-4668-BE54-9A1E7A4F7556}") = "Operador Ternario", "Operador Ternario\Operador Ternario.csproj", "{6AD1489E-9377-444F-812E-6A2F3CC58713}"
EndProject
Project("{9A19103F-16F7-4668-BE54-9A1E7A4F7556}") = "Operador Null Colescing", "Operador Null Colescing\Operador Null Colescing.csproj", "{B2A1B68B-9265-40E1-8560-465E55192701}"
EndProject
Project("{9A19103F-16F7-4668-BE54-9A1E7A4F7556}") = "Operador de condición nula", "Operador de condición nula\Operador de condición nula.csproj", "{3016ADA5-3E58-425A-BB5F-D35B2BB09700}"
EndProject
Project("{9A19103F-16F7-4668-BE54-9A1E7A4F7556}") = "Operador IS y AS", "Operador IS y AS\Operador IS y AS.csproj", "{ED6EB55D-E651-4399-B7B9-B063B2B33805}"
EndProject
Project("{9A19103F-16F7-4668-BE54-9A1E7A4F7556}") = "Construccion de Cadenas", "Construccion de Cadenas\Construccion de Cadenas.csproj", "{33AEC013-8E1C-411B-986A-E9080C90A716}"
EndProject
Project("{2150E333-8FDC-42A3-9474-1A3956D46DE8}") = "1.BASICO", "1.BASICO", "{03DC5A79-B2F2-44E9-B10A-FD4EBA9E04B2}"
EndProject
Project("{2150E333-8FDC-42A3-9474-1A3956D46DE8}") = "1.INTERMEDIO", "1.INTERMEDIO", "{3DD7B7A5-2C7F-48B8-B2CA-EBFA0F807B0D}"
EndProject
Project("{9A19103F-16F7-4668-BE54-9A1E7A4F7556}") = "Interpolacion de Cadenas", "Interpolacion de Cadenas\Interpolacion de Cadenas.csproj", "{6DB1FFBD-7547-4B30-ADC7-B3EDDCE3BEB6}"
EndProject
Project("{9A19103F-16F7-4668-BE54-9A1E7A4F7556}") = "Validacion de Cadenas", "Validacion de Cadenas\Validacion de Cadenas.csproj", "{1871BBFB-ED19-40CB-9F90-853E29D6137B}"
EndProject
Project("{9A19103F-16F7-4668-BE54-9A1E7A4F7556}") = "Formato para cadenas", "Formato para cadenas\Formato para cadenas.csproj", "{6BE4D293-A6FC-4C13-BCF3-9CC0A9FC3702}"
EndProject
Project("{9A19103F-16F7-4668-BE54-9A1E7A4F7556}") = "Tuplas", "Tuplas\Tuplas.csproj", "{910CA57B-6CA7-4137-86A3-8619ACA1A43A}"
EndProject
Project("{2150E333-8FDC-42A3-9474-1A3956D46DE8}") = "3.AVANZADO", "3.AVANZADO", "{2CA0A97F-8450-4082-92EB-F64BD0E99AE1}"
EndProject
Project("{FAE04EC0-301F-11D3-BF4B-00C04F79EFBC}") = "Identificadores Literales", "Identificadores Literales\Identificadores Literales.csproj", "{2188BFA7-C376-42FD-8B57-C7D66DA8197F}"
EndProject
Global
	GlobalSection(SolutionConfigurationPlatforms) = preSolution
		Debug|Any CPU = Debug|Any CPU
		Release|Any CPU = Release|Any CPU
	EndGlobalSection
	GlobalSection(ProjectConfigurationPlatforms) = postSolution
		{6AD1489E-9377-444F-812E-6A2F3CC58713}.Debug|Any CPU.ActiveCfg = Debug|Any CPU
		{6AD1489E-9377-444F-812E-6A2F3CC58713}.Debug|Any CPU.Build.0 = Debug|Any CPU
		{6AD1489E-9377-444F-812E-6A2F3CC58713}.Release|Any CPU.ActiveCfg = Release|Any CPU
		{6AD1489E-9377-444F-812E-6A2F3CC58713}.Release|Any CPU.Build.0 = Release|Any CPU
		{B2A1B68B-9265-40E1-8560-465E55192701}.Debug|Any CPU.ActiveCfg = Debug|Any CPU
		{B2A1B68B-9265-40E1-8560-465E55192701}.Debug|Any CPU.Build.0 = Debug|Any CPU
		{B2A1B68B-9265-40E1-8560-465E55192701}.Release|Any CPU.ActiveCfg = Release|Any CPU
		{B2A1B68B-9265-40E1-8560-465E55192701}.Release|Any CPU.Build.0 = Release|Any CPU
		{3016ADA5-3E58-425A-BB5F-D35B2BB09700}.Debug|Any CPU.ActiveCfg = Debug|Any CPU
		{3016ADA5-3E58-425A-BB5F-D35B2BB09700}.Debug|Any CPU.Build.0 = Debug|Any CPU
		{3016ADA5-3E58-425A-BB5F-D35B2BB09700}.Release|Any CPU.ActiveCfg = Release|Any CPU
		{3016ADA5-3E58-425A-BB5F-D35B2BB09700}.Release|Any CPU.Build.0 = Release|Any CPU
		{ED6EB55D-E651-4399-B7B9-B063B2B33805}.Debug|Any CPU.ActiveCfg = Debug|Any CPU
		{ED6EB55D-E651-4399-B7B9-B063B2B33805}.Debug|Any CPU.Build.0 = Debug|Any CPU
		{ED6EB55D-E651-4399-B7B9-B063B2B33805}.Release|Any CPU.ActiveCfg = Release|Any CPU
		{ED6EB55D-E651-4399-B7B9-B063B2B33805}.Release|Any CPU.Build.0 = Release|Any CPU
		{33AEC013-8E1C-411B-986A-E9080C90A716}.Debug|Any CPU.ActiveCfg = Debug|Any CPU
		{33AEC013-8E1C-411B-986A-E9080C90A716}.Debug|Any CPU.Build.0 = Debug|Any CPU
		{33AEC013-8E1C-411B-986A-E9080C90A716}.Release|Any CPU.ActiveCfg = Release|Any CPU
		{33AEC013-8E1C-411B-986A-E9080C90A716}.Release|Any CPU.Build.0 = Release|Any CPU
		{6DB1FFBD-7547-4B30-ADC7-B3EDDCE3BEB6}.Debug|Any CPU.ActiveCfg = Debug|Any CPU
		{6DB1FFBD-7547-4B30-ADC7-B3EDDCE3BEB6}.Debug|Any CPU.Build.0 = Debug|Any CPU
		{6DB1FFBD-7547-4B30-ADC7-B3EDDCE3BEB6}.Release|Any CPU.ActiveCfg = Release|Any CPU
		{6DB1FFBD-7547-4B30-ADC7-B3EDDCE3BEB6}.Release|Any CPU.Build.0 = Release|Any CPU
		{1871BBFB-ED19-40CB-9F90-853E29D6137B}.Debug|Any CPU.ActiveCfg = Debug|Any CPU
		{1871BBFB-ED19-40CB-9F90-853E29D6137B}.Debug|Any CPU.Build.0 = Debug|Any CPU
		{1871BBFB-ED19-40CB-9F90-853E29D6137B}.Release|Any CPU.ActiveCfg = Release|Any CPU
		{1871BBFB-ED19-40CB-9F90-853E29D6137B}.Release|Any CPU.Build.0 = Release|Any CPU
		{6BE4D293-A6FC-4C13-BCF3-9CC0A9FC3702}.Debug|Any CPU.ActiveCfg = Debug|Any CPU
		{6BE4D293-A6FC-4C13-BCF3-9CC0A9FC3702}.Debug|Any CPU.Build.0 = Debug|Any CPU
		{6BE4D293-A6FC-4C13-BCF3-9CC0A9FC3702}.Release|Any CPU.ActiveCfg = Release|Any CPU
		{6BE4D293-A6FC-4C13-BCF3-9CC0A9FC3702}.Release|Any CPU.Build.0 = Release|Any CPU
		{910CA57B-6CA7-4137-86A3-8619ACA1A43A}.Debug|Any CPU.ActiveCfg = Debug|Any CPU
		{910CA57B-6CA7-4137-86A3-8619ACA1A43A}.Debug|Any CPU.Build.0 = Debug|Any CPU
		{910CA57B-6CA7-4137-86A3-8619ACA1A43A}.Release|Any CPU.ActiveCfg = Release|Any CPU
		{910CA57B-6CA7-4137-86A3-8619ACA1A43A}.Release|Any CPU.Build.0 = Release|Any CPU
		{2188BFA7-C376-42FD-8B57-C7D66DA8197F}.Debug|Any CPU.ActiveCfg = Debug|Any CPU
		{2188BFA7-C376-42FD-8B57-C7D66DA8197F}.Debug|Any CPU.Build.0 = Debug|Any CPU
		{2188BFA7-C376-42FD-8B57-C7D66DA8197F}.Release|Any CPU.ActiveCfg = Release|Any CPU
		{2188BFA7-C376-42FD-8B57-C7D66DA8197F}.Release|Any CPU.Build.0 = Release|Any CPU
	EndGlobalSection
	GlobalSection(SolutionProperties) = preSolution
		HideSolutionNode = FALSE
	EndGlobalSection
	GlobalSection(NestedProjects) = preSolution
		{6AD1489E-9377-444F-812E-6A2F3CC58713} = {03DC5A79-B2F2-44E9-B10A-FD4EBA9E04B2}
		{B2A1B68B-9265-40E1-8560-465E55192701} = {03DC5A79-B2F2-44E9-B10A-FD4EBA9E04B2}
		{3016ADA5-3E58-425A-BB5F-D35B2BB09700} = {03DC5A79-B2F2-44E9-B10A-FD4EBA9E04B2}
		{ED6EB55D-E651-4399-B7B9-B063B2B33805} = {03DC5A79-B2F2-44E9-B10A-FD4EBA9E04B2}
		{33AEC013-8E1C-411B-986A-E9080C90A716} = {3DD7B7A5-2C7F-48B8-B2CA-EBFA0F807B0D}
		{6DB1FFBD-7547-4B30-ADC7-B3EDDCE3BEB6} = {3DD7B7A5-2C7F-48B8-B2CA-EBFA0F807B0D}
		{1871BBFB-ED19-40CB-9F90-853E29D6137B} = {3DD7B7A5-2C7F-48B8-B2CA-EBFA0F807B0D}
		{6BE4D293-A6FC-4C13-BCF3-9CC0A9FC3702} = {3DD7B7A5-2C7F-48B8-B2CA-EBFA0F807B0D}
		{910CA57B-6CA7-4137-86A3-8619ACA1A43A} = {2CA0A97F-8450-4082-92EB-F64BD0E99AE1}
		{2188BFA7-C376-42FD-8B57-C7D66DA8197F} = {2CA0A97F-8450-4082-92EB-F64BD0E99AE1}
	EndGlobalSection
	GlobalSection(ExtensibilityGlobals) = postSolution
		SolutionGuid = {B5CC7CE1-79CA-4DB7-B0F8-159831E4424F}
	EndGlobalSection
EndGlobal
